{
  "name": "functions",
  "lockfileVersion": 3,
  "requires": true,
  "packages": {
    "": {
      "dependencies": {
        "@aws-lambda-powertools/metrics": "^1.14.2"
      }
    },
    "node_modules/@aws-lambda-powertools/commons": {
      "version": "1.14.2",
      "resolved": "https://registry.npmjs.org/@aws-lambda-powertools/commons/-/commons-1.14.2.tgz",
      "integrity": "sha512-pGW2RSeOEbU1e+mj+MlMkaiM4njO289glFjJA1V+H8bmjvHJXaItroH7lutZ8Gde1Iq+5WoRVQN8M/xmMNSxIA=="
    },
    "node_modules/@aws-lambda-powertools/metrics": {
      "version": "1.14.2",
      "resolved": "https://registry.npmjs.org/@aws-lambda-powertools/metrics/-/metrics-1.14.2.tgz",
      "integrity": "sha512-gMMtZnFDVAWDMRpqYcugXjqxiRhp9xABS2pb//PsSPVb3DOCMSmSMsUvJdcZarpOw+9lbwWaj4+kaLR6CfMwxQ==",
      "dependencies": {
        "@aws-lambda-powertools/commons": "^1.14.2"
      },
      "peerDependencies": {
        "@middy/core": ">=3.x"
      },
      "peerDependenciesMeta": {
        "@middy/core": {
          "optional": true
        }
      }
    }
  }
}
